// !$*UTF8*$!
{
	archiveVersion = 1;
	classes = {
	};
	objectVersion = 45;
	objects = {

/* Begin PBXBuildFile section */
		1D3623260D0F684500981E51 /* madAppDelegate.m in Sources */ = {isa = PBXBuildFile; fileRef = 1D3623250D0F684500981E51 /* madAppDelegate.m */; };
		1D60589B0D05DD56006BFB54 /* main.m in Sources */ = {isa = PBXBuildFile; fileRef = 29B97316FDCFA39411CA2CEA /* main.m */; };
		1D60589F0D05DD5A006BFB54 /* Foundation.framework in Frameworks */ = {isa = PBXBuildFile; fileRef = 1D30AB110D05D00D00671497 /* Foundation.framework */; };
		1DF5F4E00D08C38300B7A737 /* UIKit.framework in Frameworks */ = {isa = PBXBuildFile; fileRef = 1DF5F4DF0D08C38300B7A737 /* UIKit.framework */; };
		282CCBFE0DB6C98000C4EA27 /* SecondView.xib in Resources */ = {isa = PBXBuildFile; fileRef = 282CCBFD0DB6C98000C4EA27 /* SecondView.xib */; };
		288765080DF74369002DB57D /* CoreGraphics.framework in Frameworks */ = {isa = PBXBuildFile; fileRef = 288765070DF74369002DB57D /* CoreGraphics.framework */; };
		28AD73880D9D96C1002E5188 /* MainWindow.xib in Resources */ = {isa = PBXBuildFile; fileRef = 28AD73870D9D96C1002E5188 /* MainWindow.xib */; };
		859CE3F812AB009700C4F0E4 /* DamageReport.xcdatamodel in Sources */ = {isa = PBXBuildFile; fileRef = 859CE3F712AB009700C4F0E4 /* DamageReport.xcdatamodel */; };
		859CE3FE12AB014E00C4F0E4 /* DamageReport.m in Sources */ = {isa = PBXBuildFile; fileRef = 859CE3FD12AB014E00C4F0E4 /* DamageReport.m */; };
		859CE44F12AB04C200C4F0E4 /* CoreData.framework in Frameworks */ = {isa = PBXBuildFile; fileRef = 859CE44E12AB04C200C4F0E4 /* CoreData.framework */; };
		859CE57812AB1CF300C4F0E4 /* FormView.m in Sources */ = {isa = PBXBuildFile; fileRef = 859CE57612AB1CF300C4F0E4 /* FormView.m */; };
		859CE57912AB1CF300C4F0E4 /* FormView.xib in Resources */ = {isa = PBXBuildFile; fileRef = 859CE57712AB1CF300C4F0E4 /* FormView.xib */; };
		859CE5A412AB22CD00C4F0E4 /* form.html in Resources */ = {isa = PBXBuildFile; fileRef = 859CE5A312AB22CD00C4F0E4 /* form.html */; };
		85B5D85612AC59E80047A7D2 /* ASIAuthenticationDialog.m in Sources */ = {isa = PBXBuildFile; fileRef = 85B5D80712AC59E80047A7D2 /* ASIAuthenticationDialog.m */; };
		85B5D85712AC59E80047A7D2 /* ASIDataCompressor.m in Sources */ = {isa = PBXBuildFile; fileRef = 85B5D80A12AC59E80047A7D2 /* ASIDataCompressor.m */; };
		85B5D85812AC59E80047A7D2 /* ASIDataDecompressor.m in Sources */ = {isa = PBXBuildFile; fileRef = 85B5D80C12AC59E80047A7D2 /* ASIDataDecompressor.m */; };
		85B5D85912AC59E80047A7D2 /* ASIDownloadCache.m in Sources */ = {isa = PBXBuildFile; fileRef = 85B5D80E12AC59E80047A7D2 /* ASIDownloadCache.m */; };
		85B5D85A12AC59E80047A7D2 /* ASIFormDataRequest.m in Sources */ = {isa = PBXBuildFile; fileRef = 85B5D81012AC59E80047A7D2 /* ASIFormDataRequest.m */; };
		85B5D85B12AC59E80047A7D2 /* ASIHTTPRequest.m in Sources */ = {isa = PBXBuildFile; fileRef = 85B5D81212AC59E80047A7D2 /* ASIHTTPRequest.m */; };
		85B5D85C12AC59E80047A7D2 /* ASIInputStream.m in Sources */ = {isa = PBXBuildFile; fileRef = 85B5D81612AC59E80047A7D2 /* ASIInputStream.m */; };
		85B5D85D12AC59E80047A7D2 /* ASINetworkQueue.m in Sources */ = {isa = PBXBuildFile; fileRef = 85B5D81812AC59E80047A7D2 /* ASINetworkQueue.m */; };
		85B5D85F12AC59E80047A7D2 /* ASICloudFilesCDNRequest.m in Sources */ = {isa = PBXBuildFile; fileRef = 85B5D81F12AC59E80047A7D2 /* ASICloudFilesCDNRequest.m */; };
		85B5D86012AC59E80047A7D2 /* ASICloudFilesContainer.m in Sources */ = {isa = PBXBuildFile; fileRef = 85B5D82112AC59E80047A7D2 /* ASICloudFilesContainer.m */; };
		85B5D86112AC59E80047A7D2 /* ASICloudFilesContainerRequest.m in Sources */ = {isa = PBXBuildFile; fileRef = 85B5D82312AC59E80047A7D2 /* ASICloudFilesContainerRequest.m */; };
		85B5D86212AC59E80047A7D2 /* ASICloudFilesContainerXMLParserDelegate.m in Sources */ = {isa = PBXBuildFile; fileRef = 85B5D82512AC59E80047A7D2 /* ASICloudFilesContainerXMLParserDelegate.m */; };
		85B5D86312AC59E80047A7D2 /* ASICloudFilesObject.m in Sources */ = {isa = PBXBuildFile; fileRef = 85B5D82712AC59E80047A7D2 /* ASICloudFilesObject.m */; };
		85B5D86412AC59E80047A7D2 /* ASICloudFilesObjectRequest.m in Sources */ = {isa = PBXBuildFile; fileRef = 85B5D82912AC59E80047A7D2 /* ASICloudFilesObjectRequest.m */; };
		85B5D86512AC59E80047A7D2 /* ASICloudFilesRequest.m in Sources */ = {isa = PBXBuildFile; fileRef = 85B5D82B12AC59E80047A7D2 /* ASICloudFilesRequest.m */; };
		85B5D86612AC59E80047A7D2 /* ASIS3Bucket.m in Sources */ = {isa = PBXBuildFile; fileRef = 85B5D82F12AC59E80047A7D2 /* ASIS3Bucket.m */; };
		85B5D86712AC59E80047A7D2 /* ASIS3BucketObject.m in Sources */ = {isa = PBXBuildFile; fileRef = 85B5D83112AC59E80047A7D2 /* ASIS3BucketObject.m */; };
		85B5D86812AC59E80047A7D2 /* ASIS3BucketRequest.m in Sources */ = {isa = PBXBuildFile; fileRef = 85B5D83312AC59E80047A7D2 /* ASIS3BucketRequest.m */; };
		85B5D86912AC59E80047A7D2 /* ASIS3ObjectRequest.m in Sources */ = {isa = PBXBuildFile; fileRef = 85B5D83512AC59E80047A7D2 /* ASIS3ObjectRequest.m */; };
		85B5D86A12AC59E80047A7D2 /* ASIS3Request.m in Sources */ = {isa = PBXBuildFile; fileRef = 85B5D83712AC59E80047A7D2 /* ASIS3Request.m */; };
		85B5D86B12AC59E80047A7D2 /* ASIS3ServiceRequest.m in Sources */ = {isa = PBXBuildFile; fileRef = 85B5D83912AC59E80047A7D2 /* ASIS3ServiceRequest.m */; };
		85B5D88512AC59F50047A7D2 /* CFNetwork.framework in Frameworks */ = {isa = PBXBuildFile; fileRef = 85B5D88412AC59F50047A7D2 /* CFNetwork.framework */; };
		85B5D89B12AC5A590047A7D2 /* Reachability.m in Sources */ = {isa = PBXBuildFile; fileRef = 85B5D89A12AC5A590047A7D2 /* Reachability.m */; };
		85B5D8A312AC5A9C0047A7D2 /* libz.dylib in Frameworks */ = {isa = PBXBuildFile; fileRef = 85B5D8A212AC5A9C0047A7D2 /* libz.dylib */; };
		85B5D8A712AC5B130047A7D2 /* SystemConfiguration.framework in Frameworks */ = {isa = PBXBuildFile; fileRef = 85B5D8A612AC5B130047A7D2 /* SystemConfiguration.framework */; };
		85B5D8AD12AC5B460047A7D2 /* MobileCoreServices.framework in Frameworks */ = {isa = PBXBuildFile; fileRef = 85B5D8AC12AC5B460047A7D2 /* MobileCoreServices.framework */; };
		85BF467412AC0893006E39D0 /* CoreLocation.framework in Frameworks */ = {isa = PBXBuildFile; fileRef = 85BF467312AC0893006E39D0 /* CoreLocation.framework */; };
/* End PBXBuildFile section */

/* Begin PBXFileReference section */
		1D30AB110D05D00D00671497 /* Foundation.framework */ = {isa = PBXFileReference; lastKnownFileType = wrapper.framework; name = Foundation.framework; path = System/Library/Frameworks/Foundation.framework; sourceTree = SDKROOT; };
		1D3623240D0F684500981E51 /* madAppDelegate.h */ = {isa = PBXFileReference; fileEncoding = 4; lastKnownFileType = sourcecode.c.h; path = madAppDelegate.h; sourceTree = "<group>"; };
		1D3623250D0F684500981E51 /* madAppDelegate.m */ = {isa = PBXFileReference; fileEncoding = 4; lastKnownFileType = sourcecode.c.objc; path = madAppDelegate.m; sourceTree = "<group>"; };
		1D6058910D05DD3D006BFB54 /* mad.app */ = {isa = PBXFileReference; explicitFileType = wrapper.application; includeInIndex = 0; path = mad.app; sourceTree = BUILT_PRODUCTS_DIR; };
		1DF5F4DF0D08C38300B7A737 /* UIKit.framework */ = {isa = PBXFileReference; lastKnownFileType = wrapper.framework; name = UIKit.framework; path = System/Library/Frameworks/UIKit.framework; sourceTree = SDKROOT; };
		282CCBFD0DB6C98000C4EA27 /* SecondView.xib */ = {isa = PBXFileReference; lastKnownFileType = file.xib; path = SecondView.xib; sourceTree = "<group>"; };
		288765070DF74369002DB57D /* CoreGraphics.framework */ = {isa = PBXFileReference; lastKnownFileType = wrapper.framework; name = CoreGraphics.framework; path = System/Library/Frameworks/CoreGraphics.framework; sourceTree = SDKROOT; };
		28A0AB4B0D9B1048005BE974 /* mad_Prefix.pch */ = {isa = PBXFileReference; fileEncoding = 4; lastKnownFileType = sourcecode.c.h; path = mad_Prefix.pch; sourceTree = "<group>"; };
		28AD73870D9D96C1002E5188 /* MainWindow.xib */ = {isa = PBXFileReference; lastKnownFileType = file.xib; path = MainWindow.xib; sourceTree = "<group>"; };
		29B97316FDCFA39411CA2CEA /* main.m */ = {isa = PBXFileReference; fileEncoding = 4; lastKnownFileType = sourcecode.c.objc; path = main.m; sourceTree = "<group>"; };
		859CE3F712AB009700C4F0E4 /* DamageReport.xcdatamodel */ = {isa = PBXFileReference; fileEncoding = 4; lastKnownFileType = wrapper.xcdatamodel; name = DamageReport.xcdatamodel; path = Classes/DamageReport.xcdatamodel; sourceTree = "<group>"; };
		859CE3FC12AB014E00C4F0E4 /* DamageReport.h */ = {isa = PBXFileReference; fileEncoding = 4; lastKnownFileType = sourcecode.c.h; path = DamageReport.h; sourceTree = "<group>"; };
		859CE3FD12AB014E00C4F0E4 /* DamageReport.m */ = {isa = PBXFileReference; fileEncoding = 4; lastKnownFileType = sourcecode.c.objc; path = DamageReport.m; sourceTree = "<group>"; };
		859CE44E12AB04C200C4F0E4 /* CoreData.framework */ = {isa = PBXFileReference; lastKnownFileType = wrapper.framework; name = CoreData.framework; path = System/Library/Frameworks/CoreData.framework; sourceTree = SDKROOT; };
		859CE57512AB1CF300C4F0E4 /* FormView.h */ = {isa = PBXFileReference; fileEncoding = 4; lastKnownFileType = sourcecode.c.h; path = FormView.h; sourceTree = "<group>"; };
		859CE57612AB1CF300C4F0E4 /* FormView.m */ = {isa = PBXFileReference; fileEncoding = 4; lastKnownFileType = sourcecode.c.objc; path = FormView.m; sourceTree = "<group>"; };
		859CE57712AB1CF300C4F0E4 /* FormView.xib */ = {isa = PBXFileReference; lastKnownFileType = file.xib; name = FormView.xib; path = Classes/FormView.xib; sourceTree = "<group>"; };
		859CE5A312AB22CD00C4F0E4 /* form.html */ = {isa = PBXFileReference; fileEncoding = 4; lastKnownFileType = text.html; name = form.html; path = Classes/form.html; sourceTree = "<group>"; };
		85B5D80612AC59E80047A7D2 /* ASIAuthenticationDialog.h */ = {isa = PBXFileReference; fileEncoding = 4; lastKnownFileType = sourcecode.c.h; path = ASIAuthenticationDialog.h; sourceTree = "<group>"; };
		85B5D80712AC59E80047A7D2 /* ASIAuthenticationDialog.m */ = {isa = PBXFileReference; fileEncoding = 4; lastKnownFileType = sourcecode.c.objc; path = ASIAuthenticationDialog.m; sourceTree = "<group>"; };
		85B5D80812AC59E80047A7D2 /* ASICacheDelegate.h */ = {isa = PBXFileReference; fileEncoding = 4; lastKnownFileType = sourcecode.c.h; path = ASICacheDelegate.h; sourceTree = "<group>"; };
		85B5D80912AC59E80047A7D2 /* ASIDataCompressor.h */ = {isa = PBXFileReference; fileEncoding = 4; lastKnownFileType = sourcecode.c.h; path = ASIDataCompressor.h; sourceTree = "<group>"; };
		85B5D80A12AC59E80047A7D2 /* ASIDataCompressor.m */ = {isa = PBXFileReference; fileEncoding = 4; lastKnownFileType = sourcecode.c.objc; path = ASIDataCompressor.m; sourceTree = "<group>"; };
		85B5D80B12AC59E80047A7D2 /* ASIDataDecompressor.h */ = {isa = PBXFileReference; fileEncoding = 4; lastKnownFileType = sourcecode.c.h; path = ASIDataDecompressor.h; sourceTree = "<group>"; };
		85B5D80C12AC59E80047A7D2 /* ASIDataDecompressor.m */ = {isa = PBXFileReference; fileEncoding = 4; lastKnownFileType = sourcecode.c.objc; path = ASIDataDecompressor.m; sourceTree = "<group>"; };
		85B5D80D12AC59E80047A7D2 /* ASIDownloadCache.h */ = {isa = PBXFileReference; fileEncoding = 4; lastKnownFileType = sourcecode.c.h; path = ASIDownloadCache.h; sourceTree = "<group>"; };
		85B5D80E12AC59E80047A7D2 /* ASIDownloadCache.m */ = {isa = PBXFileReference; fileEncoding = 4; lastKnownFileType = sourcecode.c.objc; path = ASIDownloadCache.m; sourceTree = "<group>"; };
		85B5D80F12AC59E80047A7D2 /* ASIFormDataRequest.h */ = {isa = PBXFileReference; fileEncoding = 4; lastKnownFileType = sourcecode.c.h; path = ASIFormDataRequest.h; sourceTree = "<group>"; };
		85B5D81012AC59E80047A7D2 /* ASIFormDataRequest.m */ = {isa = PBXFileReference; fileEncoding = 4; lastKnownFileType = sourcecode.c.objc; path = ASIFormDataRequest.m; sourceTree = "<group>"; };
		85B5D81112AC59E80047A7D2 /* ASIHTTPRequest.h */ = {isa = PBXFileReference; fileEncoding = 4; lastKnownFileType = sourcecode.c.h; path = ASIHTTPRequest.h; sourceTree = "<group>"; };
		85B5D81212AC59E80047A7D2 /* ASIHTTPRequest.m */ = {isa = PBXFileReference; fileEncoding = 4; lastKnownFileType = sourcecode.c.objc; path = ASIHTTPRequest.m; sourceTree = "<group>"; };
		85B5D81312AC59E80047A7D2 /* ASIHTTPRequestConfig.h */ = {isa = PBXFileReference; fileEncoding = 4; lastKnownFileType = sourcecode.c.h; path = ASIHTTPRequestConfig.h; sourceTree = "<group>"; };
		85B5D81412AC59E80047A7D2 /* ASIHTTPRequestDelegate.h */ = {isa = PBXFileReference; fileEncoding = 4; lastKnownFileType = sourcecode.c.h; path = ASIHTTPRequestDelegate.h; sourceTree = "<group>"; };
		85B5D81512AC59E80047A7D2 /* ASIInputStream.h */ = {isa = PBXFileReference; fileEncoding = 4; lastKnownFileType = sourcecode.c.h; path = ASIInputStream.h; sourceTree = "<group>"; };
		85B5D81612AC59E80047A7D2 /* ASIInputStream.m */ = {isa = PBXFileReference; fileEncoding = 4; lastKnownFileType = sourcecode.c.objc; path = ASIInputStream.m; sourceTree = "<group>"; };
		85B5D81712AC59E80047A7D2 /* ASINetworkQueue.h */ = {isa = PBXFileReference; fileEncoding = 4; lastKnownFileType = sourcecode.c.h; path = ASINetworkQueue.h; sourceTree = "<group>"; };
		85B5D81812AC59E80047A7D2 /* ASINetworkQueue.m */ = {isa = PBXFileReference; fileEncoding = 4; lastKnownFileType = sourcecode.c.objc; path = ASINetworkQueue.m; sourceTree = "<group>"; };
		85B5D81912AC59E80047A7D2 /* ASIProgressDelegate.h */ = {isa = PBXFileReference; fileEncoding = 4; lastKnownFileType = sourcecode.c.h; path = ASIProgressDelegate.h; sourceTree = "<group>"; };
		85B5D81E12AC59E80047A7D2 /* ASICloudFilesCDNRequest.h */ = {isa = PBXFileReference; fileEncoding = 4; lastKnownFileType = sourcecode.c.h; path = ASICloudFilesCDNRequest.h; sourceTree = "<group>"; };
		85B5D81F12AC59E80047A7D2 /* ASICloudFilesCDNRequest.m */ = {isa = PBXFileReference; fileEncoding = 4; lastKnownFileType = sourcecode.c.objc; path = ASICloudFilesCDNRequest.m; sourceTree = "<group>"; };
		85B5D82012AC59E80047A7D2 /* ASICloudFilesContainer.h */ = {isa = PBXFileReference; fileEncoding = 4; lastKnownFileType = sourcecode.c.h; path = ASICloudFilesContainer.h; sourceTree = "<group>"; };
		85B5D82112AC59E80047A7D2 /* ASICloudFilesContainer.m */ = {isa = PBXFileReference; fileEncoding = 4; lastKnownFileType = sourcecode.c.objc; path = ASICloudFilesContainer.m; sourceTree = "<group>"; };
		85B5D82212AC59E80047A7D2 /* ASICloudFilesContainerRequest.h */ = {isa = PBXFileReference; fileEncoding = 4; lastKnownFileType = sourcecode.c.h; path = ASICloudFilesContainerRequest.h; sourceTree = "<group>"; };
		85B5D82312AC59E80047A7D2 /* ASICloudFilesContainerRequest.m */ = {isa = PBXFileReference; fileEncoding = 4; lastKnownFileType = sourcecode.c.objc; path = ASICloudFilesContainerRequest.m; sourceTree = "<group>"; };
		85B5D82412AC59E80047A7D2 /* ASICloudFilesContainerXMLParserDelegate.h */ = {isa = PBXFileReference; fileEncoding = 4; lastKnownFileType = sourcecode.c.h; path = ASICloudFilesContainerXMLParserDelegate.h; sourceTree = "<group>"; };
		85B5D82512AC59E80047A7D2 /* ASICloudFilesContainerXMLParserDelegate.m */ = {isa = PBXFileReference; fileEncoding = 4; lastKnownFileType = sourcecode.c.objc; path = ASICloudFilesContainerXMLParserDelegate.m; sourceTree = "<group>"; };
		85B5D82612AC59E80047A7D2 /* ASICloudFilesObject.h */ = {isa = PBXFileReference; fileEncoding = 4; lastKnownFileType = sourcecode.c.h; path = ASICloudFilesObject.h; sourceTree = "<group>"; };
		85B5D82712AC59E80047A7D2 /* ASICloudFilesObject.m */ = {isa = PBXFileReference; fileEncoding = 4; lastKnownFileType = sourcecode.c.objc; path = ASICloudFilesObject.m; sourceTree = "<group>"; };
		85B5D82812AC59E80047A7D2 /* ASICloudFilesObjectRequest.h */ = {isa = PBXFileReference; fileEncoding = 4; lastKnownFileType = sourcecode.c.h; path = ASICloudFilesObjectRequest.h; sourceTree = "<group>"; };
		85B5D82912AC59E80047A7D2 /* ASICloudFilesObjectRequest.m */ = {isa = PBXFileReference; fileEncoding = 4; lastKnownFileType = sourcecode.c.objc; path = ASICloudFilesObjectRequest.m; sourceTree = "<group>"; };
		85B5D82A12AC59E80047A7D2 /* ASICloudFilesRequest.h */ = {isa = PBXFileReference; fileEncoding = 4; lastKnownFileType = sourcecode.c.h; path = ASICloudFilesRequest.h; sourceTree = "<group>"; };
		85B5D82B12AC59E80047A7D2 /* ASICloudFilesRequest.m */ = {isa = PBXFileReference; fileEncoding = 4; lastKnownFileType = sourcecode.c.objc; path = ASICloudFilesRequest.m; sourceTree = "<group>"; };
		85B5D82D12AC59E80047A7D2 /* ASINSXMLParserCompat.h */ = {isa = PBXFileReference; fileEncoding = 4; lastKnownFileType = sourcecode.c.h; path = ASINSXMLParserCompat.h; sourceTree = "<group>"; };
		85B5D82E12AC59E80047A7D2 /* ASIS3Bucket.h */ = {isa = PBXFileReference; fileEncoding = 4; lastKnownFileType = sourcecode.c.h; path = ASIS3Bucket.h; sourceTree = "<group>"; };
		85B5D82F12AC59E80047A7D2 /* ASIS3Bucket.m */ = {isa = PBXFileReference; fileEncoding = 4; lastKnownFileType = sourcecode.c.objc; path = ASIS3Bucket.m; sourceTree = "<group>"; };
		85B5D83012AC59E80047A7D2 /* ASIS3BucketObject.h */ = {isa = PBXFileReference; fileEncoding = 4; lastKnownFileType = sourcecode.c.h; path = ASIS3BucketObject.h; sourceTree = "<group>"; };
		85B5D83112AC59E80047A7D2 /* ASIS3BucketObject.m */ = {isa = PBXFileReference; fileEncoding = 4; lastKnownFileType = sourcecode.c.objc; path = ASIS3BucketObject.m; sourceTree = "<group>"; };
		85B5D83212AC59E80047A7D2 /* ASIS3BucketRequest.h */ = {isa = PBXFileReference; fileEncoding = 4; lastKnownFileType = sourcecode.c.h; path = ASIS3BucketRequest.h; sourceTree = "<group>"; };
		85B5D83312AC59E80047A7D2 /* ASIS3BucketRequest.m */ = {isa = PBXFileReference; fileEncoding = 4; lastKnownFileType = sourcecode.c.objc; path = ASIS3BucketRequest.m; sourceTree = "<group>"; };
		85B5D83412AC59E80047A7D2 /* ASIS3ObjectRequest.h */ = {isa = PBXFileReference; fileEncoding = 4; lastKnownFileType = sourcecode.c.h; path = ASIS3ObjectRequest.h; sourceTree = "<group>"; };
		85B5D83512AC59E80047A7D2 /* ASIS3ObjectRequest.m */ = {isa = PBXFileReference; fileEncoding = 4; lastKnownFileType = sourcecode.c.objc; path = ASIS3ObjectRequest.m; sourceTree = "<group>"; };
		85B5D83612AC59E80047A7D2 /* ASIS3Request.h */ = {isa = PBXFileReference; fileEncoding = 4; lastKnownFileType = sourcecode.c.h; path = ASIS3Request.h; sourceTree = "<group>"; };
		85B5D83712AC59E80047A7D2 /* ASIS3Request.m */ = {isa = PBXFileReference; fileEncoding = 4; lastKnownFileType = sourcecode.c.objc; path = ASIS3Request.m; sourceTree = "<group>"; };
		85B5D83812AC59E80047A7D2 /* ASIS3ServiceRequest.h */ = {isa = PBXFileReference; fileEncoding = 4; lastKnownFileType = sourcecode.c.h; path = ASIS3ServiceRequest.h; sourceTree = "<group>"; };
		85B5D83912AC59E80047A7D2 /* ASIS3ServiceRequest.m */ = {isa = PBXFileReference; fileEncoding = 4; lastKnownFileType = sourcecode.c.objc; path = ASIS3ServiceRequest.m; sourceTree = "<group>"; };
		85B5D88412AC59F50047A7D2 /* CFNetwork.framework */ = {isa = PBXFileReference; lastKnownFileType = wrapper.framework; name = CFNetwork.framework; path = System/Library/Frameworks/CFNetwork.framework; sourceTree = SDKROOT; };
		85B5D89912AC5A590047A7D2 /* Reachability.h */ = {isa = PBXFileReference; fileEncoding = 4; lastKnownFileType = sourcecode.c.h; path = Reachability.h; sourceTree = "<group>"; };
		85B5D89A12AC5A590047A7D2 /* Reachability.m */ = {isa = PBXFileReference; fileEncoding = 4; lastKnownFileType = sourcecode.c.objc; path = Reachability.m; sourceTree = "<group>"; };
		85B5D8A212AC5A9C0047A7D2 /* libz.dylib */ = {isa = PBXFileReference; lastKnownFileType = "compiled.mach-o.dylib"; name = libz.dylib; path = usr/lib/libz.dylib; sourceTree = SDKROOT; };
		85B5D8A612AC5B130047A7D2 /* SystemConfiguration.framework */ = {isa = PBXFileReference; lastKnownFileType = wrapper.framework; name = SystemConfiguration.framework; path = System/Library/Frameworks/SystemConfiguration.framework; sourceTree = SDKROOT; };
		85B5D8AC12AC5B460047A7D2 /* MobileCoreServices.framework */ = {isa = PBXFileReference; lastKnownFileType = wrapper.framework; name = MobileCoreServices.framework; path = System/Library/Frameworks/MobileCoreServices.framework; sourceTree = SDKROOT; };
		85BF467312AC0893006E39D0 /* CoreLocation.framework */ = {isa = PBXFileReference; lastKnownFileType = wrapper.framework; name = CoreLocation.framework; path = System/Library/Frameworks/CoreLocation.framework; sourceTree = SDKROOT; };
		8D1107310486CEB800E47090 /* mad-Info.plist */ = {isa = PBXFileReference; fileEncoding = 4; lastKnownFileType = text.plist.xml; path = "mad-Info.plist"; plistStructureDefinitionIdentifier = "com.apple.xcode.plist.structure-definition.iphone.info-plist"; sourceTree = "<group>"; };
/* End PBXFileReference section */

/* Begin PBXFrameworksBuildPhase section */
		1D60588F0D05DD3D006BFB54 /* Frameworks */ = {
			isa = PBXFrameworksBuildPhase;
			buildActionMask = 2147483647;
			files = (
				1D60589F0D05DD5A006BFB54 /* Foundation.framework in Frameworks */,
				1DF5F4E00D08C38300B7A737 /* UIKit.framework in Frameworks */,
				288765080DF74369002DB57D /* CoreGraphics.framework in Frameworks */,
				859CE44F12AB04C200C4F0E4 /* CoreData.framework in Frameworks */,
				85BF467412AC0893006E39D0 /* CoreLocation.framework in Frameworks */,
				85B5D88512AC59F50047A7D2 /* CFNetwork.framework in Frameworks */,
				85B5D8A312AC5A9C0047A7D2 /* libz.dylib in Frameworks */,
				85B5D8A712AC5B130047A7D2 /* SystemConfiguration.framework in Frameworks */,
				85B5D8AD12AC5B460047A7D2 /* MobileCoreServices.framework in Frameworks */,
			);
			runOnlyForDeploymentPostprocessing = 0;
		};
/* End PBXFrameworksBuildPhase section */

/* Begin PBXGroup section */
		080E96DDFE201D6D7F000001 /* Classes */ = {
			isa = PBXGroup;
			children = (
				85B5D80512AC59E80047A7D2 /* ASIHTTPRequest */,
				1D3623240D0F684500981E51 /* madAppDelegate.h */,
				1D3623250D0F684500981E51 /* madAppDelegate.m */,
				859CE3FC12AB014E00C4F0E4 /* DamageReport.h */,
				859CE3FD12AB014E00C4F0E4 /* DamageReport.m */,
				859CE57512AB1CF300C4F0E4 /* FormView.h */,
				859CE57612AB1CF300C4F0E4 /* FormView.m */,
			);
			path = Classes;
			sourceTree = "<group>";
		};
		19C28FACFE9D520D11CA2CBB /* Products */ = {
			isa = PBXGroup;
			children = (
				1D6058910D05DD3D006BFB54 /* mad.app */,
			);
			name = Products;
			sourceTree = "<group>";
		};
		29B97314FDCFA39411CA2CEA /* mad */ = {
			isa = PBXGroup;
			children = (
				080E96DDFE201D6D7F000001 /* Classes */,
				29B97315FDCFA39411CA2CEA /* Other Sources */,
				29B97317FDCFA39411CA2CEA /* Resources-iPhone */,
				29B97323FDCFA39411CA2CEA /* Frameworks */,
				19C28FACFE9D520D11CA2CBB /* Products */,
			);
			name = mad;
			sourceTree = "<group>";
		};
		29B97315FDCFA39411CA2CEA /* Other Sources */ = {
			isa = PBXGroup;
			children = (
				28A0AB4B0D9B1048005BE974 /* mad_Prefix.pch */,
				29B97316FDCFA39411CA2CEA /* main.m */,
			);
			name = "Other Sources";
			sourceTree = "<group>";
		};
		29B97317FDCFA39411CA2CEA /* Resources-iPhone */ = {
			isa = PBXGroup;
			children = (
				859CE5A312AB22CD00C4F0E4 /* form.html */,
				859CE57712AB1CF300C4F0E4 /* FormView.xib */,
				859CE3F712AB009700C4F0E4 /* DamageReport.xcdatamodel */,
				282CCBFD0DB6C98000C4EA27 /* SecondView.xib */,
				28AD73870D9D96C1002E5188 /* MainWindow.xib */,
				8D1107310486CEB800E47090 /* mad-Info.plist */,
			);
			name = "Resources-iPhone";
			sourceTree = "<group>";
		};
		29B97323FDCFA39411CA2CEA /* Frameworks */ = {
			isa = PBXGroup;
			children = (
				1DF5F4DF0D08C38300B7A737 /* UIKit.framework */,
				1D30AB110D05D00D00671497 /* Foundation.framework */,
				288765070DF74369002DB57D /* CoreGraphics.framework */,
				859CE44E12AB04C200C4F0E4 /* CoreData.framework */,
				85BF467312AC0893006E39D0 /* CoreLocation.framework */,
				85B5D88412AC59F50047A7D2 /* CFNetwork.framework */,
				85B5D8A212AC5A9C0047A7D2 /* libz.dylib */,
				85B5D8A612AC5B130047A7D2 /* SystemConfiguration.framework */,
				85B5D8AC12AC5B460047A7D2 /* MobileCoreServices.framework */,
			);
			name = Frameworks;
			sourceTree = "<group>";
		};
		85B5D80512AC59E80047A7D2 /* ASIHTTPRequest */ = {
			isa = PBXGroup;
			children = (
				85B5D89912AC5A590047A7D2 /* Reachability.h */,
				85B5D89A12AC5A590047A7D2 /* Reachability.m */,
				85B5D80612AC59E80047A7D2 /* ASIAuthenticationDialog.h */,
				85B5D80712AC59E80047A7D2 /* ASIAuthenticationDialog.m */,
				85B5D80812AC59E80047A7D2 /* ASICacheDelegate.h */,
				85B5D80912AC59E80047A7D2 /* ASIDataCompressor.h */,
				85B5D80A12AC59E80047A7D2 /* ASIDataCompressor.m */,
				85B5D80B12AC59E80047A7D2 /* ASIDataDecompressor.h */,
				85B5D80C12AC59E80047A7D2 /* ASIDataDecompressor.m */,
				85B5D80D12AC59E80047A7D2 /* ASIDownloadCache.h */,
				85B5D80E12AC59E80047A7D2 /* ASIDownloadCache.m */,
				85B5D80F12AC59E80047A7D2 /* ASIFormDataRequest.h */,
				85B5D81012AC59E80047A7D2 /* ASIFormDataRequest.m */,
				85B5D81112AC59E80047A7D2 /* ASIHTTPRequest.h */,
				85B5D81212AC59E80047A7D2 /* ASIHTTPRequest.m */,
				85B5D81312AC59E80047A7D2 /* ASIHTTPRequestConfig.h */,
				85B5D81412AC59E80047A7D2 /* ASIHTTPRequestDelegate.h */,
				85B5D81512AC59E80047A7D2 /* ASIInputStream.h */,
				85B5D81612AC59E80047A7D2 /* ASIInputStream.m */,
				85B5D81712AC59E80047A7D2 /* ASINetworkQueue.h */,
				85B5D81812AC59E80047A7D2 /* ASINetworkQueue.m */,
				85B5D81912AC59E80047A7D2 /* ASIProgressDelegate.h */,
				85B5D81D12AC59E80047A7D2 /* CloudFiles */,
				85B5D82C12AC59E80047A7D2 /* S3 */,
			);
			path = ASIHTTPRequest;
			sourceTree = "<group>";
		};
		85B5D81D12AC59E80047A7D2 /* CloudFiles */ = {
			isa = PBXGroup;
			children = (
				85B5D81E12AC59E80047A7D2 /* ASICloudFilesCDNRequest.h */,
				85B5D81F12AC59E80047A7D2 /* ASICloudFilesCDNRequest.m */,
				85B5D82012AC59E80047A7D2 /* ASICloudFilesContainer.h */,
				85B5D82112AC59E80047A7D2 /* ASICloudFilesContainer.m */,
				85B5D82212AC59E80047A7D2 /* ASICloudFilesContainerRequest.h */,
				85B5D82312AC59E80047A7D2 /* ASICloudFilesContainerRequest.m */,
				85B5D82412AC59E80047A7D2 /* ASICloudFilesContainerXMLParserDelegate.h */,
				85B5D82512AC59E80047A7D2 /* ASICloudFilesContainerXMLParserDelegate.m */,
				85B5D82612AC59E80047A7D2 /* ASICloudFilesObject.h */,
				85B5D82712AC59E80047A7D2 /* ASICloudFilesObject.m */,
				85B5D82812AC59E80047A7D2 /* ASICloudFilesObjectRequest.h */,
				85B5D82912AC59E80047A7D2 /* ASICloudFilesObjectRequest.m */,
				85B5D82A12AC59E80047A7D2 /* ASICloudFilesRequest.h */,
				85B5D82B12AC59E80047A7D2 /* ASICloudFilesRequest.m */,
			);
			path = CloudFiles;
			sourceTree = "<group>";
		};
		85B5D82C12AC59E80047A7D2 /* S3 */ = {
			isa = PBXGroup;
			children = (
				85B5D82D12AC59E80047A7D2 /* ASINSXMLParserCompat.h */,
				85B5D82E12AC59E80047A7D2 /* ASIS3Bucket.h */,
				85B5D82F12AC59E80047A7D2 /* ASIS3Bucket.m */,
				85B5D83012AC59E80047A7D2 /* ASIS3BucketObject.h */,
				85B5D83112AC59E80047A7D2 /* ASIS3BucketObject.m */,
				85B5D83212AC59E80047A7D2 /* ASIS3BucketRequest.h */,
				85B5D83312AC59E80047A7D2 /* ASIS3BucketRequest.m */,
				85B5D83412AC59E80047A7D2 /* ASIS3ObjectRequest.h */,
				85B5D83512AC59E80047A7D2 /* ASIS3ObjectRequest.m */,
				85B5D83612AC59E80047A7D2 /* ASIS3Request.h */,
				85B5D83712AC59E80047A7D2 /* ASIS3Request.m */,
				85B5D83812AC59E80047A7D2 /* ASIS3ServiceRequest.h */,
				85B5D83912AC59E80047A7D2 /* ASIS3ServiceRequest.m */,
			);
			path = S3;
			sourceTree = "<group>";
		};
/* End PBXGroup section */

/* Begin PBXNativeTarget section */
		1D6058900D05DD3D006BFB54 /* mad */ = {
			isa = PBXNativeTarget;
			buildConfigurationList = 1D6058960D05DD3E006BFB54 /* Build configuration list for PBXNativeTarget "mad" */;
			buildPhases = (
				1D60588D0D05DD3D006BFB54 /* Resources */,
				1D60588E0D05DD3D006BFB54 /* Sources */,
				1D60588F0D05DD3D006BFB54 /* Frameworks */,
			);
			buildRules = (
			);
			dependencies = (
			);
			name = mad;
			productName = mad;
			productReference = 1D6058910D05DD3D006BFB54 /* mad.app */;
			productType = "com.apple.product-type.application";
		};
/* End PBXNativeTarget section */

/* Begin PBXProject section */
		29B97313FDCFA39411CA2CEA /* Project object */ = {
			isa = PBXProject;
			buildConfigurationList = C01FCF4E08A954540054247B /* Build configuration list for PBXProject "mad" */;
			compatibilityVersion = "Xcode 3.1";
			developmentRegion = English;
			hasScannedForEncodings = 1;
			knownRegions = (
				English,
				Japanese,
				French,
				German,
			);
			mainGroup = 29B97314FDCFA39411CA2CEA /* mad */;
			projectDirPath = "";
			projectRoot = "";
			targets = (
				1D6058900D05DD3D006BFB54 /* mad */,
			);
		};
/* End PBXProject section */

/* Begin PBXResourcesBuildPhase section */
		1D60588D0D05DD3D006BFB54 /* Resources */ = {
			isa = PBXResourcesBuildPhase;
			buildActionMask = 2147483647;
			files = (
				28AD73880D9D96C1002E5188 /* MainWindow.xib in Resources */,
				282CCBFE0DB6C98000C4EA27 /* SecondView.xib in Resources */,
				859CE57912AB1CF300C4F0E4 /* FormView.xib in Resources */,
				859CE5A412AB22CD00C4F0E4 /* form.html in Resources */,
			);
			runOnlyForDeploymentPostprocessing = 0;
		};
/* End PBXResourcesBuildPhase section */

/* Begin PBXSourcesBuildPhase section */
		1D60588E0D05DD3D006BFB54 /* Sources */ = {
			isa = PBXSourcesBuildPhase;
			buildActionMask = 2147483647;
			files = (
				1D60589B0D05DD56006BFB54 /* main.m in Sources */,
				1D3623260D0F684500981E51 /* madAppDelegate.m in Sources */,
				859CE3F812AB009700C4F0E4 /* DamageReport.xcdatamodel in Sources */,
				859CE3FE12AB014E00C4F0E4 /* DamageReport.m in Sources */,
				859CE57812AB1CF300C4F0E4 /* FormView.m in Sources */,
				85B5D85612AC59E80047A7D2 /* ASIAuthenticationDialog.m in Sources */,
				85B5D85712AC59E80047A7D2 /* ASIDataCompressor.m in Sources */,
				85B5D85812AC59E80047A7D2 /* ASIDataDecompressor.m in Sources */,
				85B5D85912AC59E80047A7D2 /* ASIDownloadCache.m in Sources */,
				85B5D85A12AC59E80047A7D2 /* ASIFormDataRequest.m in Sources */,
				85B5D85B12AC59E80047A7D2 /* ASIHTTPRequest.m in Sources */,
				85B5D85C12AC59E80047A7D2 /* ASIInputStream.m in Sources */,
				85B5D85D12AC59E80047A7D2 /* ASINetworkQueue.m in Sources */,
				85B5D85F12AC59E80047A7D2 /* ASICloudFilesCDNRequest.m in Sources */,
				85B5D86012AC59E80047A7D2 /* ASICloudFilesContainer.m in Sources */,
				85B5D86112AC59E80047A7D2 /* ASICloudFilesContainerRequest.m in Sources */,
				85B5D86212AC59E80047A7D2 /* ASICloudFilesContainerXMLParserDelegate.m in Sources */,
				85B5D86312AC59E80047A7D2 /* ASICloudFilesObject.m in Sources */,
				85B5D86412AC59E80047A7D2 /* ASICloudFilesObjectRequest.m in Sources */,
				85B5D86512AC59E80047A7D2 /* ASICloudFilesRequest.m in Sources */,
				85B5D86612AC59E80047A7D2 /* ASIS3Bucket.m in Sources */,
				85B5D86712AC59E80047A7D2 /* ASIS3BucketObject.m in Sources */,
				85B5D86812AC59E80047A7D2 /* ASIS3BucketRequest.m in Sources */,
				85B5D86912AC59E80047A7D2 /* ASIS3ObjectRequest.m in Sources */,
				85B5D86A12AC59E80047A7D2 /* ASIS3Request.m in Sources */,
				85B5D86B12AC59E80047A7D2 /* ASIS3ServiceRequest.m in Sources */,
				85B5D89B12AC5A590047A7D2 /* Reachability.m in Sources */,
			);
			runOnlyForDeploymentPostprocessing = 0;
		};
/* End PBXSourcesBuildPhase section */

/* Begin XCBuildConfiguration section */
		1D6058940D05DD3E006BFB54 /* Debug */ = {
			isa = XCBuildConfiguration;
			buildSettings = {
				ALWAYS_SEARCH_USER_PATHS = NO;
				COPY_PHASE_STRIP = NO;
				GCC_DYNAMIC_NO_PIC = NO;
				GCC_OPTIMIZATION_LEVEL = 0;
				GCC_PRECOMPILE_PREFIX_HEADER = YES;
				GCC_PREFIX_HEADER = mad_Prefix.pch;
				INFOPLIST_FILE = "mad-Info.plist";
				PRODUCT_NAME = mad;
				SDKROOT = iphoneos4.2;
			};
			name = Debug;
		};
		1D6058950D05DD3E006BFB54 /* Release */ = {
			isa = XCBuildConfiguration;
			buildSettings = {
				ALWAYS_SEARCH_USER_PATHS = NO;
				COPY_PHASE_STRIP = YES;
				GCC_PRECOMPILE_PREFIX_HEADER = YES;
				GCC_PREFIX_HEADER = mad_Prefix.pch;
				INFOPLIST_FILE = "mad-Info.plist";
				PRODUCT_NAME = mad;
				SDKROOT = iphoneos4.2;
				VALIDATE_PRODUCT = YES;
			};
			name = Release;
		};
		C01FCF4F08A954540054247B /* Debug */ = {
			isa = XCBuildConfiguration;
			buildSettings = {
				ARCHS = "$(ARCHS_STANDARD_32_BIT)";
				"CODE_SIGN_IDENTITY[sdk=iphoneos*]" = "iPhone Developer: Laurel Fan (B9V27EHM8V)";
				GCC_C_LANGUAGE_STANDARD = c99;
				GCC_WARN_ABOUT_RETURN_TYPE = YES;
				GCC_WARN_UNUSED_VARIABLE = YES;
				ONLY_ACTIVE_ARCH = YES;
				OTHER_CODE_SIGN_FLAGS = "--keychain /Users/laurel/Library/Keychains/login.keychain";
				PREBINDING = NO;
				"PROVISIONING_PROFILE[sdk=iphoneos*]" = "C9F6744E-48C1-47B2-B55C-FFD66C2B7654";
				SDKROOT = iphoneos4.2;
			};
			name = Debug;
		};
		C01FCF5008A954540054247B /* Release */ = {
			isa = XCBuildConfiguration;
			buildSettings = {
				ARCHS = "$(ARCHS_STANDARD_32_BIT)";
				"CODE_SIGN_IDENTITY[sdk=iphoneos*]" = "iPhone Developer: Laurel Fan (B9V27EHM8V)";
				GCC_C_LANGUAGE_STANDARD = c99;
				GCC_WARN_ABOUT_RETURN_TYPE = YES;
				GCC_WARN_UNUSED_VARIABLE = YES;
				ONLY_ACTIVE_ARCH = YES;
				OTHER_CODE_SIGN_FLAGS = "--keychain /Users/laurel/Library/Keychains/login.keychain";
				PREBINDING = NO;
				"PROVISIONING_PROFILE[sdk=iphoneos*]" = "C9F6744E-48C1-47B2-B55C-FFD66C2B7654";
				SDKROOT = iphoneos4.2;
			};
			name = Release;
		};
/* End XCBuildConfiguration section */

/* Begin XCConfigurationList section */
		1D6058960D05DD3E006BFB54 /* Build configuration list for PBXNativeTarget "mad" */ = {
			isa = XCConfigurationList;
			buildConfigurations = (
				1D6058940D05DD3E006BFB54 /* Debug */,
				1D6058950D05DD3E006BFB54 /* Release */,
			);
			defaultConfigurationIsVisible = 0;
			defaultConfigurationName = Release;
		};
		C01FCF4E08A954540054247B /* Build configuration list for PBXProject "mad" */ = {
			isa = XCConfigurationList;
			buildConfigurations = (
				C01FCF4F08A954540054247B /* Debug */,
				C01FCF5008A954540054247B /* Release */,
			);
			defaultConfigurationIsVisible = 0;
			defaultConfigurationName = Release;
		};
/* End XCConfigurationList section */
	};
	rootObject = 29B97313FDCFA39411CA2CEA /* Project object */;
}
