// !$*UTF8*$!
{
	archiveVersion = 1;
	classes = {
	};
	objectVersion = 45;
	objects = {

/* Begin PBXBuildFile section */
		1D3623260D0F684500981E51 /* madAppDelegate.m in Sources */ = {isa = PBXBuildFile; fileRef = 1D3623250D0F684500981E51 /* madAppDelegate.m */; };
		1D60589B0D05DD56006BFB54 /* main.m in Sources */ = {isa = PBXBuildFile; fileRef = 29B97316FDCFA39411CA2CEA /* main.m */; };
		1D60589F0D05DD5A006BFB54 /* Foundation.framework in Frameworks */ = {isa = PBXBuildFile; fileRef = 1D30AB110D05D00D00671497 /* Foundation.framework */; };
		1DF5F4E00D08C38300B7A737 /* UIKit.framework in Frameworks */ = {isa = PBXBuildFile; fileRef = 1DF5F4DF0D08C38300B7A737 /* UIKit.framework */; };
		282CCBFE0DB6C98000C4EA27 /* SecondView.xib in Resources */ = {isa = PBXBuildFile; fileRef = 282CCBFD0DB6C98000C4EA27 /* SecondView.xib */; };
		288765080DF74369002DB57D /* CoreGraphics.framework in Frameworks */ = {isa = PBXBuildFile; fileRef = 288765070DF74369002DB57D /* CoreGraphics.framework */; };
		28AD73880D9D96C1002E5188 /* MainWindow.xib in Resources */ = {isa = PBXBuildFile; fileRef = 28AD73870D9D96C1002E5188 /* MainWindow.xib */; };
		859CE39912AAF7CD00C4F0E4 /* FormTableViewController.m in Sources */ = {isa = PBXBuildFile; fileRef = 859CE39812AAF7CD00C4F0E4 /* FormTableViewController.m */; };
		859CE3C012AAFC3B00C4F0E4 /* TextFieldTableViewCell.xib in Resources */ = {isa = PBXBuildFile; fileRef = 859CE3BF12AAFC3B00C4F0E4 /* TextFieldTableViewCell.xib */; };
		859CE3F012AAFFFE00C4F0E4 /* TextFieldTableViewCell.m in Sources */ = {isa = PBXBuildFile; fileRef = 859CE3EF12AAFFFE00C4F0E4 /* TextFieldTableViewCell.m */; };
		859CE3F812AB009700C4F0E4 /* DamageReport.xcdatamodel in Sources */ = {isa = PBXBuildFile; fileRef = 859CE3F712AB009700C4F0E4 /* DamageReport.xcdatamodel */; };
		859CE3FE12AB014E00C4F0E4 /* DamageReport.m in Sources */ = {isa = PBXBuildFile; fileRef = 859CE3FD12AB014E00C4F0E4 /* DamageReport.m */; };
		859CE44F12AB04C200C4F0E4 /* CoreData.framework in Frameworks */ = {isa = PBXBuildFile; fileRef = 859CE44E12AB04C200C4F0E4 /* CoreData.framework */; };
		859CE57812AB1CF300C4F0E4 /* FormView.m in Sources */ = {isa = PBXBuildFile; fileRef = 859CE57612AB1CF300C4F0E4 /* FormView.m */; };
		859CE57912AB1CF300C4F0E4 /* FormView.xib in Resources */ = {isa = PBXBuildFile; fileRef = 859CE57712AB1CF300C4F0E4 /* FormView.xib */; };
		859CE5A412AB22CD00C4F0E4 /* form.html in Resources */ = {isa = PBXBuildFile; fileRef = 859CE5A312AB22CD00C4F0E4 /* form.html */; };
		85AA896F12AAE90E006229C9 /* FormTableViewController.xib in Resources */ = {isa = PBXBuildFile; fileRef = 85AA896D12AAE90E006229C9 /* FormTableViewController.xib */; };
/* End PBXBuildFile section */

/* Begin PBXFileReference section */
		1D30AB110D05D00D00671497 /* Foundation.framework */ = {isa = PBXFileReference; lastKnownFileType = wrapper.framework; name = Foundation.framework; path = System/Library/Frameworks/Foundation.framework; sourceTree = SDKROOT; };
		1D3623240D0F684500981E51 /* madAppDelegate.h */ = {isa = PBXFileReference; fileEncoding = 4; lastKnownFileType = sourcecode.c.h; path = madAppDelegate.h; sourceTree = "<group>"; };
		1D3623250D0F684500981E51 /* madAppDelegate.m */ = {isa = PBXFileReference; fileEncoding = 4; lastKnownFileType = sourcecode.c.objc; path = madAppDelegate.m; sourceTree = "<group>"; };
		1D6058910D05DD3D006BFB54 /* mad.app */ = {isa = PBXFileReference; explicitFileType = wrapper.application; includeInIndex = 0; path = mad.app; sourceTree = BUILT_PRODUCTS_DIR; };
		1DF5F4DF0D08C38300B7A737 /* UIKit.framework */ = {isa = PBXFileReference; lastKnownFileType = wrapper.framework; name = UIKit.framework; path = System/Library/Frameworks/UIKit.framework; sourceTree = SDKROOT; };
		282CCBFD0DB6C98000C4EA27 /* SecondView.xib */ = {isa = PBXFileReference; lastKnownFileType = file.xib; path = SecondView.xib; sourceTree = "<group>"; };
		288765070DF74369002DB57D /* CoreGraphics.framework */ = {isa = PBXFileReference; lastKnownFileType = wrapper.framework; name = CoreGraphics.framework; path = System/Library/Frameworks/CoreGraphics.framework; sourceTree = SDKROOT; };
		28A0AB4B0D9B1048005BE974 /* mad_Prefix.pch */ = {isa = PBXFileReference; fileEncoding = 4; lastKnownFileType = sourcecode.c.h; path = mad_Prefix.pch; sourceTree = "<group>"; };
		28AD73870D9D96C1002E5188 /* MainWindow.xib */ = {isa = PBXFileReference; lastKnownFileType = file.xib; path = MainWindow.xib; sourceTree = "<group>"; };
		29B97316FDCFA39411CA2CEA /* main.m */ = {isa = PBXFileReference; fileEncoding = 4; lastKnownFileType = sourcecode.c.objc; path = main.m; sourceTree = "<group>"; };
		859CE39812AAF7CD00C4F0E4 /* FormTableViewController.m */ = {isa = PBXFileReference; fileEncoding = 4; lastKnownFileType = sourcecode.c.objc; path = FormTableViewController.m; sourceTree = SOURCE_ROOT; };
		859CE3BF12AAFC3B00C4F0E4 /* TextFieldTableViewCell.xib */ = {isa = PBXFileReference; lastKnownFileType = file.xib; path = TextFieldTableViewCell.xib; sourceTree = "<group>"; };
		859CE3EE12AAFFFE00C4F0E4 /* TextFieldTableViewCell.h */ = {isa = PBXFileReference; fileEncoding = 4; lastKnownFileType = sourcecode.c.h; path = TextFieldTableViewCell.h; sourceTree = SOURCE_ROOT; };
		859CE3EF12AAFFFE00C4F0E4 /* TextFieldTableViewCell.m */ = {isa = PBXFileReference; fileEncoding = 4; lastKnownFileType = sourcecode.c.objc; path = TextFieldTableViewCell.m; sourceTree = SOURCE_ROOT; };
		859CE3F712AB009700C4F0E4 /* DamageReport.xcdatamodel */ = {isa = PBXFileReference; fileEncoding = 4; lastKnownFileType = wrapper.xcdatamodel; name = DamageReport.xcdatamodel; path = Classes/DamageReport.xcdatamodel; sourceTree = "<group>"; };
		859CE3FC12AB014E00C4F0E4 /* DamageReport.h */ = {isa = PBXFileReference; fileEncoding = 4; lastKnownFileType = sourcecode.c.h; path = DamageReport.h; sourceTree = "<group>"; };
		859CE3FD12AB014E00C4F0E4 /* DamageReport.m */ = {isa = PBXFileReference; fileEncoding = 4; lastKnownFileType = sourcecode.c.objc; path = DamageReport.m; sourceTree = "<group>"; };
		859CE44E12AB04C200C4F0E4 /* CoreData.framework */ = {isa = PBXFileReference; lastKnownFileType = wrapper.framework; name = CoreData.framework; path = System/Library/Frameworks/CoreData.framework; sourceTree = SDKROOT; };
		859CE57512AB1CF300C4F0E4 /* FormView.h */ = {isa = PBXFileReference; fileEncoding = 4; lastKnownFileType = sourcecode.c.h; path = FormView.h; sourceTree = "<group>"; };
		859CE57612AB1CF300C4F0E4 /* FormView.m */ = {isa = PBXFileReference; fileEncoding = 4; lastKnownFileType = sourcecode.c.objc; path = FormView.m; sourceTree = "<group>"; };
		859CE57712AB1CF300C4F0E4 /* FormView.xib */ = {isa = PBXFileReference; lastKnownFileType = file.xib; name = FormView.xib; path = Classes/FormView.xib; sourceTree = "<group>"; };
		859CE5A312AB22CD00C4F0E4 /* form.html */ = {isa = PBXFileReference; fileEncoding = 4; lastKnownFileType = text.html; name = form.html; path = Classes/form.html; sourceTree = "<group>"; };
		85AA896B12AAE90E006229C9 /* FormTableViewController.h */ = {isa = PBXFileReference; fileEncoding = 4; lastKnownFileType = sourcecode.c.h; name = FormTableViewController.h; path = ../FormTableViewController.h; sourceTree = "<group>"; };
		85AA896D12AAE90E006229C9 /* FormTableViewController.xib */ = {isa = PBXFileReference; lastKnownFileType = file.xib; path = FormTableViewController.xib; sourceTree = "<group>"; };
		8D1107310486CEB800E47090 /* mad-Info.plist */ = {isa = PBXFileReference; fileEncoding = 4; lastKnownFileType = text.plist.xml; path = "mad-Info.plist"; plistStructureDefinitionIdentifier = "com.apple.xcode.plist.structure-definition.iphone.info-plist"; sourceTree = "<group>"; };
/* End PBXFileReference section */

/* Begin PBXFrameworksBuildPhase section */
		1D60588F0D05DD3D006BFB54 /* Frameworks */ = {
			isa = PBXFrameworksBuildPhase;
			buildActionMask = 2147483647;
			files = (
				1D60589F0D05DD5A006BFB54 /* Foundation.framework in Frameworks */,
				1DF5F4E00D08C38300B7A737 /* UIKit.framework in Frameworks */,
				288765080DF74369002DB57D /* CoreGraphics.framework in Frameworks */,
				859CE44F12AB04C200C4F0E4 /* CoreData.framework in Frameworks */,
			);
			runOnlyForDeploymentPostprocessing = 0;
		};
/* End PBXFrameworksBuildPhase section */

/* Begin PBXGroup section */
		080E96DDFE201D6D7F000001 /* Classes */ = {
			isa = PBXGroup;
			children = (
				859CE3EE12AAFFFE00C4F0E4 /* TextFieldTableViewCell.h */,
				859CE3EF12AAFFFE00C4F0E4 /* TextFieldTableViewCell.m */,
				859CE39812AAF7CD00C4F0E4 /* FormTableViewController.m */,
				1D3623240D0F684500981E51 /* madAppDelegate.h */,
				85AA896B12AAE90E006229C9 /* FormTableViewController.h */,
				1D3623250D0F684500981E51 /* madAppDelegate.m */,
				859CE3FC12AB014E00C4F0E4 /* DamageReport.h */,
				859CE3FD12AB014E00C4F0E4 /* DamageReport.m */,
				859CE57512AB1CF300C4F0E4 /* FormView.h */,
				859CE57612AB1CF300C4F0E4 /* FormView.m */,
			);
			path = Classes;
			sourceTree = "<group>";
		};
		19C28FACFE9D520D11CA2CBB /* Products */ = {
			isa = PBXGroup;
			children = (
				1D6058910D05DD3D006BFB54 /* mad.app */,
			);
			name = Products;
			sourceTree = "<group>";
		};
		29B97314FDCFA39411CA2CEA /* mad */ = {
			isa = PBXGroup;
			children = (
				080E96DDFE201D6D7F000001 /* Classes */,
				29B97315FDCFA39411CA2CEA /* Other Sources */,
				29B97317FDCFA39411CA2CEA /* Resources-iPhone */,
				29B97323FDCFA39411CA2CEA /* Frameworks */,
				19C28FACFE9D520D11CA2CBB /* Products */,
			);
			name = mad;
			sourceTree = "<group>";
		};
		29B97315FDCFA39411CA2CEA /* Other Sources */ = {
			isa = PBXGroup;
			children = (
				28A0AB4B0D9B1048005BE974 /* mad_Prefix.pch */,
				29B97316FDCFA39411CA2CEA /* main.m */,
			);
			name = "Other Sources";
			sourceTree = "<group>";
		};
		29B97317FDCFA39411CA2CEA /* Resources-iPhone */ = {
			isa = PBXGroup;
			children = (
				859CE5A312AB22CD00C4F0E4 /* form.html */,
				859CE57712AB1CF300C4F0E4 /* FormView.xib */,
				859CE3F712AB009700C4F0E4 /* DamageReport.xcdatamodel */,
				282CCBFD0DB6C98000C4EA27 /* SecondView.xib */,
				28AD73870D9D96C1002E5188 /* MainWindow.xib */,
				8D1107310486CEB800E47090 /* mad-Info.plist */,
				85AA896D12AAE90E006229C9 /* FormTableViewController.xib */,
				859CE3BF12AAFC3B00C4F0E4 /* TextFieldTableViewCell.xib */,
			);
			name = "Resources-iPhone";
			sourceTree = "<group>";
		};
		29B97323FDCFA39411CA2CEA /* Frameworks */ = {
			isa = PBXGroup;
			children = (
				1DF5F4DF0D08C38300B7A737 /* UIKit.framework */,
				1D30AB110D05D00D00671497 /* Foundation.framework */,
				288765070DF74369002DB57D /* CoreGraphics.framework */,
				859CE44E12AB04C200C4F0E4 /* CoreData.framework */,
			);
			name = Frameworks;
			sourceTree = "<group>";
		};
/* End PBXGroup section */

/* Begin PBXNativeTarget section */
		1D6058900D05DD3D006BFB54 /* mad */ = {
			isa = PBXNativeTarget;
			buildConfigurationList = 1D6058960D05DD3E006BFB54 /* Build configuration list for PBXNativeTarget "mad" */;
			buildPhases = (
				1D60588D0D05DD3D006BFB54 /* Resources */,
				1D60588E0D05DD3D006BFB54 /* Sources */,
				1D60588F0D05DD3D006BFB54 /* Frameworks */,
			);
			buildRules = (
			);
			dependencies = (
			);
			name = mad;
			productName = mad;
			productReference = 1D6058910D05DD3D006BFB54 /* mad.app */;
			productType = "com.apple.product-type.application";
		};
/* End PBXNativeTarget section */

/* Begin PBXProject section */
		29B97313FDCFA39411CA2CEA /* Project object */ = {
			isa = PBXProject;
			buildConfigurationList = C01FCF4E08A954540054247B /* Build configuration list for PBXProject "mad" */;
			compatibilityVersion = "Xcode 3.1";
			hasScannedForEncodings = 1;
			mainGroup = 29B97314FDCFA39411CA2CEA /* mad */;
			projectDirPath = "";
			projectRoot = "";
			targets = (
				1D6058900D05DD3D006BFB54 /* mad */,
			);
		};
/* End PBXProject section */

/* Begin PBXResourcesBuildPhase section */
		1D60588D0D05DD3D006BFB54 /* Resources */ = {
			isa = PBXResourcesBuildPhase;
			buildActionMask = 2147483647;
			files = (
				28AD73880D9D96C1002E5188 /* MainWindow.xib in Resources */,
				282CCBFE0DB6C98000C4EA27 /* SecondView.xib in Resources */,
				85AA896F12AAE90E006229C9 /* FormTableViewController.xib in Resources */,
				859CE3C012AAFC3B00C4F0E4 /* TextFieldTableViewCell.xib in Resources */,
				859CE57912AB1CF300C4F0E4 /* FormView.xib in Resources */,
				859CE5A412AB22CD00C4F0E4 /* form.html in Resources */,
			);
			runOnlyForDeploymentPostprocessing = 0;
		};
/* End PBXResourcesBuildPhase section */

/* Begin PBXSourcesBuildPhase section */
		1D60588E0D05DD3D006BFB54 /* Sources */ = {
			isa = PBXSourcesBuildPhase;
			buildActionMask = 2147483647;
			files = (
				1D60589B0D05DD56006BFB54 /* main.m in Sources */,
				1D3623260D0F684500981E51 /* madAppDelegate.m in Sources */,
				859CE39912AAF7CD00C4F0E4 /* FormTableViewController.m in Sources */,
				859CE3F012AAFFFE00C4F0E4 /* TextFieldTableViewCell.m in Sources */,
				859CE3F812AB009700C4F0E4 /* DamageReport.xcdatamodel in Sources */,
				859CE3FE12AB014E00C4F0E4 /* DamageReport.m in Sources */,
				859CE57812AB1CF300C4F0E4 /* FormView.m in Sources */,
			);
			runOnlyForDeploymentPostprocessing = 0;
		};
/* End PBXSourcesBuildPhase section */

/* Begin XCBuildConfiguration section */
		1D6058940D05DD3E006BFB54 /* Debug */ = {
			isa = XCBuildConfiguration;
			buildSettings = {
				ALWAYS_SEARCH_USER_PATHS = NO;
				COPY_PHASE_STRIP = NO;
				GCC_DYNAMIC_NO_PIC = NO;
				GCC_OPTIMIZATION_LEVEL = 0;
				GCC_PRECOMPILE_PREFIX_HEADER = YES;
				GCC_PREFIX_HEADER = mad_Prefix.pch;
				INFOPLIST_FILE = "mad-Info.plist";
				PRODUCT_NAME = mad;
			};
			name = Debug;
		};
		1D6058950D05DD3E006BFB54 /* Release */ = {
			isa = XCBuildConfiguration;
			buildSettings = {
				ALWAYS_SEARCH_USER_PATHS = NO;
				COPY_PHASE_STRIP = YES;
				GCC_PRECOMPILE_PREFIX_HEADER = YES;
				GCC_PREFIX_HEADER = mad_Prefix.pch;
				INFOPLIST_FILE = "mad-Info.plist";
				PRODUCT_NAME = mad;
				VALIDATE_PRODUCT = YES;
			};
			name = Release;
		};
		C01FCF4F08A954540054247B /* Debug */ = {
			isa = XCBuildConfiguration;
			buildSettings = {
				ARCHS = "$(ARCHS_STANDARD_32_BIT)";
				"CODE_SIGN_IDENTITY[sdk=iphoneos*]" = "iPhone Developer";
				GCC_C_LANGUAGE_STANDARD = c99;
				GCC_WARN_ABOUT_RETURN_TYPE = YES;
				GCC_WARN_UNUSED_VARIABLE = YES;
				PREBINDING = NO;
				SDKROOT = iphoneos3.2;
			};
			name = Debug;
		};
		C01FCF5008A954540054247B /* Release */ = {
			isa = XCBuildConfiguration;
			buildSettings = {
				ARCHS = "$(ARCHS_STANDARD_32_BIT)";
				"CODE_SIGN_IDENTITY[sdk=iphoneos*]" = "iPhone Developer";
				GCC_C_LANGUAGE_STANDARD = c99;
				GCC_WARN_ABOUT_RETURN_TYPE = YES;
				GCC_WARN_UNUSED_VARIABLE = YES;
				PREBINDING = NO;
				SDKROOT = iphoneos3.2;
			};
			name = Release;
		};
/* End XCBuildConfiguration section */

/* Begin XCConfigurationList section */
		1D6058960D05DD3E006BFB54 /* Build configuration list for PBXNativeTarget "mad" */ = {
			isa = XCConfigurationList;
			buildConfigurations = (
				1D6058940D05DD3E006BFB54 /* Debug */,
				1D6058950D05DD3E006BFB54 /* Release */,
			);
			defaultConfigurationIsVisible = 0;
			defaultConfigurationName = Release;
		};
		C01FCF4E08A954540054247B /* Build configuration list for PBXProject "mad" */ = {
			isa = XCConfigurationList;
			buildConfigurations = (
				C01FCF4F08A954540054247B /* Debug */,
				C01FCF5008A954540054247B /* Release */,
			);
			defaultConfigurationIsVisible = 0;
			defaultConfigurationName = Release;
		};
/* End XCConfigurationList section */
	};
	rootObject = 29B97313FDCFA39411CA2CEA /* Project object */;
}
